
Microsoft Visual Studio Solution File, Format Version 12.00
# Visual Studio Version 17
VisualStudioVersion = 17.0.31717.71
MinimumVisualStudioVersion = 10.0.40219.1
Project("{9A19103F-16F7-4668-BE54-9A1E7A4F7556}") = "MudBlazorApp", "MudBlazorApp.csproj", "{2A74796F-62BE-450C-9055-0670DA71B796}"
EndProject
Global
	GlobalSection(SolutionConfigurationPlatforms) = preSolution
		Debug|Any CPU = Debug|Any CPU
		Release|Any CPU = Release|Any CPU
	EndGlobalSection
	GlobalSection(ProjectConfigurationPlatforms) = postSolution
		{2A74796F-62BE-450C-9055-0670DA71B796}.Debug|Any CPU.ActiveCfg = Debug|Any CPU
		{2A74796F-62BE-450C-9055-0670DA71B796}.Debug|Any CPU.Build.0 = Debug|Any CPU
		{2A74796F-62BE-450C-9055-0670DA71B796}.Release|Any CPU.ActiveCfg = Release|Any CPU
		{2A74796F-62BE-450C-9055-0670DA71B796}.Release|Any CPU.Build.0 = Release|Any CPU
	EndGlobalSection
	GlobalSection(SolutionProperties) = preSolution
		HideSolutionNode = FALSE
	EndGlobalSection
	GlobalSection(ExtensibilityGlobals) = postSolution
		SolutionGuid = {E36772AF-566D-4A5F-8342-7465E48510A3}
	EndGlobalSection
EndGlobal