
Microsoft Visual Studio Solution File, Format Version 12.00
# Visual Studio Version 17
VisualStudioVersion = 17.0.31717.71
MinimumVisualStudioVersion = 10.0.40219.1
Project("{9A19103F-16F7-4668-BE54-9A1E7A4F7556}") = "MudBlazorApp", "MudBlazorApp.csproj", "{190CB53A-8EFB-4FFA-9F61-398E373429D7}"
EndProject
Global
	GlobalSection(SolutionConfigurationPlatforms) = preSolution
		Debug|Any CPU = Debug|Any CPU
		Release|Any CPU = Release|Any CPU
	EndGlobalSection
	GlobalSection(ProjectConfigurationPlatforms) = postSolution
		{190CB53A-8EFB-4FFA-9F61-398E373429D7}.Debug|Any CPU.ActiveCfg = Debug|Any CPU
		{190CB53A-8EFB-4FFA-9F61-398E373429D7}.Debug|Any CPU.Build.0 = Debug|Any CPU
		{190CB53A-8EFB-4FFA-9F61-398E373429D7}.Release|Any CPU.ActiveCfg = Release|Any CPU
		{190CB53A-8EFB-4FFA-9F61-398E373429D7}.Release|Any CPU.Build.0 = Release|Any CPU
	EndGlobalSection
	GlobalSection(SolutionProperties) = preSolution
		HideSolutionNode = FALSE
	EndGlobalSection
	GlobalSection(ExtensibilityGlobals) = postSolution
		SolutionGuid = {DF278169-FA42-40DB-9140-A136B665C79E}
	EndGlobalSection
EndGlobal